PODS:
  - SSZipArchive (2.4.3)
  - SwiftCSVExport (2.6.0)

DEPENDENCIES:
  - SSZipArchive
  - SwiftCSVExport (= 2.6.0)

SPEC REPOS:
  trunk:
    - SSZipArchive
    - SwiftCSVExport

SPEC CHECKSUMS:
  SSZipArchive: fe6a26b2a54d5a0890f2567b5cc6de5caa600aef
  SwiftCSVExport: d9db3fb80484115028792f8d539445e3fb2c0ecb

PODFILE CHECKSUM: f8617cd7344d5985224cd580ac94a90b78691a1f

COCOAPODS: 1.11.3
