PODS:
  - SSZipArchive (2.5.3)
  - SwiftCSVExport (2.6.0)

DEPENDENCIES:
  - SSZipArchive (= 2.5.3)
  - SwiftCSVExport (= 2.6.0)

SPEC REPOS:
  trunk:
    - SSZipArchive
    - SwiftCSVExport

SPEC CHECKSUMS:
  SSZipArchive: d3ea9f5e15234229a8d7e164c2789a82b7c19440
  SwiftCSVExport: d9db3fb80484115028792f8d539445e3fb2c0ecb

PODFILE CHECKSUM: 73cf4d3697669326df9a63004ccf13146d3c1eb0

COCOAPODS: 1.12.1
